
Microsoft Visual Studio Solution File, Format Version 12.00
# Visual Studio Version 16
VisualStudioVersion = 16.0.34031.81
MinimumVisualStudioVersion = 10.0.40219.1
Project("{9A19103F-16F7-4668-BE54-9A1E7A4F7556}") = "WebCosmetic", "WebCosmetic.csproj", "{B6C83334-2228-4C80-AD04-139191CED8CD}"
EndProject
Global
	GlobalSection(SolutionConfigurationPlatforms) = preSolution
		Debug|Any CPU = Debug|Any CPU
		Release|Any CPU = Release|Any CPU
	EndGlobalSection
	GlobalSection(ProjectConfigurationPlatforms) = postSolution
		{B6C83334-2228-4C80-AD04-139191CED8CD}.Debug|Any CPU.ActiveCfg = Debug|Any CPU
		{B6C83334-2228-4C80-AD04-139191CED8CD}.Debug|Any CPU.Build.0 = Debug|Any CPU
		{B6C83334-2228-4C80-AD04-139191CED8CD}.Release|Any CPU.ActiveCfg = Release|Any CPU
		{B6C83334-2228-4C80-AD04-139191CED8CD}.Release|Any CPU.Build.0 = Release|Any CPU
	EndGlobalSection
	GlobalSection(SolutionProperties) = preSolution
		HideSolutionNode = FALSE
	EndGlobalSection
	GlobalSection(ExtensibilityGlobals) = postSolution
		SolutionGuid = {8967E82B-24A4-473E-8118-23A554D12682}
	EndGlobalSection
EndGlobal
